
Microsoft Visual Studio Solution File, Format Version 12.00
# Visual Studio Version 17
VisualStudioVersion = 17.8.34511.84
MinimumVisualStudioVersion = 10.0.40219.1
Project("{FAE04EC0-301F-11D3-BF4B-00C04F79EFBC}") = "multi level inheritance", "multi level inheritance\multi level inheritance.csproj", "{8DAE6C08-4B2F-4F3F-B817-5BB4FF5F6003}"
EndProject
Global
	GlobalSection(SolutionConfigurationPlatforms) = preSolution
		Debug|Any CPU = Debug|Any CPU
		Release|Any CPU = Release|Any CPU
	EndGlobalSection
	GlobalSection(ProjectConfigurationPlatforms) = postSolution
		{8DAE6C08-4B2F-4F3F-B817-5BB4FF5F6003}.Debug|Any CPU.ActiveCfg = Debug|Any CPU
		{8DAE6C08-4B2F-4F3F-B817-5BB4FF5F6003}.Debug|Any CPU.Build.0 = Debug|Any CPU
		{8DAE6C08-4B2F-4F3F-B817-5BB4FF5F6003}.Release|Any CPU.ActiveCfg = Release|Any CPU
		{8DAE6C08-4B2F-4F3F-B817-5BB4FF5F6003}.Release|Any CPU.Build.0 = Release|Any CPU
	EndGlobalSection
	GlobalSection(SolutionProperties) = preSolution
		HideSolutionNode = FALSE
	EndGlobalSection
	GlobalSection(ExtensibilityGlobals) = postSolution
		SolutionGuid = {D4922807-389F-45B5-A861-7A12AD93A878}
	EndGlobalSection
EndGlobal
